// !$*UTF8*$!
{
	archiveVersion = 1;
	classes = {
	};
	objectVersion = 77;
	objects = {

/* Begin PBXBuildFile section */
		070D76A82ED6F8EB003E36D2 /* ZIPFoundation in Frameworks */ = {isa = PBXBuildFile; productRef = 070D76A72ED6F8EB003E36D2 /* ZIPFoundation */; };
/* End PBXBuildFile section */

/* Begin PBXContainerItemProxy section */
		070D75EE2ED6D819003E36D2 /* PBXContainerItemProxy */ = {
			isa = PBXContainerItemProxy;
			containerPortal = 070D75D52ED6D817003E36D2 /* Project object */;
			proxyType = 1;
			remoteGlobalIDString = 070D75DC2ED6D817003E36D2;
			remoteInfo = AuthorX;
		};
		070D75F82ED6D819003E36D2 /* PBXContainerItemProxy */ = {
			isa = PBXContainerItemProxy;
			containerPortal = 070D75D52ED6D817003E36D2 /* Project object */;
			proxyType = 1;
			remoteGlobalIDString = 070D75DC2ED6D817003E36D2;
			remoteInfo = AuthorX;
		};
/* End PBXContainerItemProxy section */

/* Begin PBXFileReference section */
		070D75DD2ED6D817003E36D2 /* AuthorX.app */ = {isa = PBXFileReference; explicitFileType = wrapper.application; includeInIndex = 0; path = AuthorX.app; sourceTree = BUILT_PRODUCTS_DIR; };
		070D75ED2ED6D819003E36D2 /* AuthorXTests.xctest */ = {isa = PBXFileReference; explicitFileType = wrapper.cfbundle; includeInIndex = 0; path = AuthorXTests.xctest; sourceTree = BUILT_PRODUCTS_DIR; };
		070D75F72ED6D819003E36D2 /* AuthorXUITests.xctest */ = {isa = PBXFileReference; explicitFileType = wrapper.cfbundle; includeInIndex = 0; path = AuthorXUITests.xctest; sourceTree = BUILT_PRODUCTS_DIR; };
/* End PBXFileReference section */

/* Begin PBXFileSystemSynchronizedRootGroup section */
		070D75DF2ED6D817003E36D2 /* AuthorX */ = {
			isa = PBXFileSystemSynchronizedRootGroup;
			path = AuthorX;
			sourceTree = "<group>";
		};
		070D75F02ED6D819003E36D2 /* AuthorXTests */ = {
			isa = PBXFileSystemSynchronizedRootGroup;
			path = AuthorXTests;
			sourceTree = "<group>";
		};
		070D75FA2ED6D819003E36D2 /* AuthorXUITests */ = {
			isa = PBXFileSystemSynchronizedRootGroup;
			path = AuthorXUITests;
			sourceTree = "<group>";
		};
/* End PBXFileSystemSynchronizedRootGroup section */

/* Begin PBXFrameworksBuildPhase section */
		070D75DA2ED6D817003E36D2 /* Frameworks */ = {
			isa = PBXFrameworksBuildPhase;
			buildActionMask = 2147483647;
			files = (
				070D76A82ED6F8EB003E36D2 /* ZIPFoundation in Frameworks */,
			);
			runOnlyForDeploymentPostprocessing = 0;
		};
		070D75EA2ED6D819003E36D2 /* Frameworks */ = {
			isa = PBXFrameworksBuildPhase;
			buildActionMask = 2147483647;
			files = (
			);
			runOnlyForDeploymentPostprocessing = 0;
		};
		070D75F42ED6D819003E36D2 /* Frameworks */ = {
			isa = PBXFrameworksBuildPhase;
			buildActionMask = 2147483647;
			files = (
			);
			runOnlyForDeploymentPostprocessing = 0;
		};
/* End PBXFrameworksBuildPhase section */

/* Begin PBXGroup section */
		070D75D42ED6D817003E36D2 = {
			isa = PBXGroup;
			children = (
				070D75DF2ED6D817003E36D2 /* AuthorX */,
				070D75F02ED6D819003E36D2 /* AuthorXTests */,
				070D75FA2ED6D819003E36D2 /* AuthorXUITests */,
				070D75DE2ED6D817003E36D2 /* Products */,
			);
			sourceTree = "<group>";
		};
		070D75DE2ED6D817003E36D2 /* Products */ = {
			isa = PBXGroup;
			children = (
				070D75DD2ED6D817003E36D2 /* AuthorX.app */,
				070D75ED2ED6D819003E36D2 /* AuthorXTests.xctest */,
				070D75F72ED6D819003E36D2 /* AuthorXUITests.xctest */,
			);
			name = Products;
			sourceTree = "<group>";
		};
/* End PBXGroup section */

/* Begin PBXNativeTarget section */
		070D75DC2ED6D817003E36D2 /* AuthorX */ = {
			isa = PBXNativeTarget;
			buildConfigurationList = 070D76012ED6D819003E36D2 /* Build configuration list for PBXNativeTarget "AuthorX" */;
			buildPhases = (
				070D75D92ED6D817003E36D2 /* Sources */,
				070D75DA2ED6D817003E36D2 /* Frameworks */,
				070D75DB2ED6D817003E36D2 /* Resources */,
			);
			buildRules = (
			);
			dependencies = (
			);
			fileSystemSynchronizedGroups = (
				070D75DF2ED6D817003E36D2 /* AuthorX */,
			);
			name = AuthorX;
			packageProductDependencies = (
				070D76A72ED6F8EB003E36D2 /* ZIPFoundation */,
			);
			productName = AuthorX;
			productReference = 070D75DD2ED6D817003E36D2 /* AuthorX.app */;
			productType = "com.apple.product-type.application";
		};
		070D75EC2ED6D819003E36D2 /* AuthorXTests */ = {
			isa = PBXNativeTarget;
			buildConfigurationList = 070D76042ED6D819003E36D2 /* Build configuration list for PBXNativeTarget "AuthorXTests" */;
			buildPhases = (
				070D75E92ED6D819003E36D2 /* Sources */,
				070D75EA2ED6D819003E36D2 /* Frameworks */,
				070D75EB2ED6D819003E36D2 /* Resources */,
			);
			buildRules = (
			);
			dependencies = (
				070D75EF2ED6D819003E36D2 /* PBXTargetDependency */,
			);
			fileSystemSynchronizedGroups = (
				070D75F02ED6D819003E36D2 /* AuthorXTests */,
			);
			name = AuthorXTests;
			packageProductDependencies = (
			);
			productName = AuthorXTests;
			productReference = 070D75ED2ED6D819003E36D2 /* AuthorXTests.xctest */;
			productType = "com.apple.product-type.bundle.unit-test";
		};
		070D75F62ED6D819003E36D2 /* AuthorXUITests */ = {
			isa = PBXNativeTarget;
			buildConfigurationList = 070D76072ED6D819003E36D2 /* Build configuration list for PBXNativeTarget "AuthorXUITests" */;
			buildPhases = (
				070D75F32ED6D819003E36D2 /* Sources */,
				070D75F42ED6D819003E36D2 /* Frameworks */,
				070D75F52ED6D819003E36D2 /* Resources */,
			);
			buildRules = (
			);
			dependencies = (
				070D75F92ED6D819003E36D2 /* PBXTargetDependency */,
			);
			fileSystemSynchronizedGroups = (
				070D75FA2ED6D819003E36D2 /* AuthorXUITests */,
			);
			name = AuthorXUITests;
			packageProductDependencies = (
			);
			productName = AuthorXUITests;
			productReference = 070D75F72ED6D819003E36D2 /* AuthorXUITests.xctest */;
			productType = "com.apple.product-type.bundle.ui-testing";
		};
/* End PBXNativeTarget section */

/* Begin PBXProject section */
		070D75D52ED6D817003E36D2 /* Project object */ = {
			isa = PBXProject;
			attributes = {
				BuildIndependentTargetsInParallel = 1;
				LastSwiftUpdateCheck = 1620;
				LastUpgradeCheck = 1620;
				TargetAttributes = {
					070D75DC2ED6D817003E36D2 = {
						CreatedOnToolsVersion = 16.2;
					};
					070D75EC2ED6D819003E36D2 = {
						CreatedOnToolsVersion = 16.2;
						TestTargetID = 070D75DC2ED6D817003E36D2;
					};
					070D75F62ED6D819003E36D2 = {
						CreatedOnToolsVersion = 16.2;
						TestTargetID = 070D75DC2ED6D817003E36D2;
					};
				};
			};
			buildConfigurationList = 070D75D82ED6D817003E36D2 /* Build configuration list for PBXProject "AuthorX" */;
			developmentRegion = en;
			hasScannedForEncodings = 0;
			knownRegions = (
				en,
				Base,
			);
			mainGroup = 070D75D42ED6D817003E36D2;
			minimizedProjectReferenceProxies = 1;
			packageReferences = (
				070D76A62ED6F8EB003E36D2 /* XCRemoteSwiftPackageReference "ZIPFoundation" */,
			);
			preferredProjectObjectVersion = 77;
			productRefGroup = 070D75DE2ED6D817003E36D2 /* Products */;
			projectDirPath = "";
			projectRoot = "";
			targets = (
				070D75DC2ED6D817003E36D2 /* AuthorX */,
				070D75EC2ED6D819003E36D2 /* AuthorXTests */,
				070D75F62ED6D819003E36D2 /* AuthorXUITests */,
			);
		};
/* End PBXProject section */

/* Begin PBXResourcesBuildPhase section */
		070D75DB2ED6D817003E36D2 /* Resources */ = {
			isa = PBXResourcesBuildPhase;
			buildActionMask = 2147483647;
			files = (
			);
			runOnlyForDeploymentPostprocessing = 0;
		};
		070D75EB2ED6D819003E36D2 /* Resources */ = {
			isa = PBXResourcesBuildPhase;
			buildActionMask = 2147483647;
			files = (
			);
			runOnlyForDeploymentPostprocessing = 0;
		};
		070D75F52ED6D819003E36D2 /* Resources */ = {
			isa = PBXResourcesBuildPhase;
			buildActionMask = 2147483647;
			files = (
			);
			runOnlyForDeploymentPostprocessing = 0;
		};
/* End PBXResourcesBuildPhase section */

/* Begin PBXSourcesBuildPhase section */
		070D75D92ED6D817003E36D2 /* Sources */ = {
			isa = PBXSourcesBuildPhase;
			buildActionMask = 2147483647;
			files = (
			);
			runOnlyForDeploymentPostprocessing = 0;
		};
		070D75E92ED6D819003E36D2 /* Sources */ = {
			isa = PBXSourcesBuildPhase;
			buildActionMask = 2147483647;
			files = (
			);
			runOnlyForDeploymentPostprocessing = 0;
		};
		070D75F32ED6D819003E36D2 /* Sources */ = {
			isa = PBXSourcesBuildPhase;
			buildActionMask = 2147483647;
			files = (
			);
			runOnlyForDeploymentPostprocessing = 0;
		};
/* End PBXSourcesBuildPhase section */

/* Begin PBXTargetDependency section */
		070D75EF2ED6D819003E36D2 /* PBXTargetDependency */ = {
			isa = PBXTargetDependency;
			target = 070D75DC2ED6D817003E36D2 /* AuthorX */;
			targetProxy = 070D75EE2ED6D819003E36D2 /* PBXContainerItemProxy */;
		};
		070D75F92ED6D819003E36D2 /* PBXTargetDependency */ = {
			isa = PBXTargetDependency;
			target = 070D75DC2ED6D817003E36D2 /* AuthorX */;
			targetProxy = 070D75F82ED6D819003E36D2 /* PBXContainerItemProxy */;
		};
/* End PBXTargetDependency section */

/* Begin XCBuildConfiguration section */
		070D75FF2ED6D819003E36D2 /* Debug */ = {
			isa = XCBuildConfiguration;
			buildSettings = {
				ALWAYS_SEARCH_USER_PATHS = NO;
				ASSETCATALOG_COMPILER_GENERATE_SWIFT_ASSET_SYMBOL_EXTENSIONS = YES;
				CLANG_ANALYZER_NONNULL = YES;
				CLANG_ANALYZER_NUMBER_OBJECT_CONVERSION = YES_AGGRESSIVE;
				CLANG_CXX_LANGUAGE_STANDARD = "gnu++20";
				CLANG_ENABLE_MODULES = YES;
				CLANG_ENABLE_OBJC_ARC = YES;
				CLANG_ENABLE_OBJC_WEAK = YES;
				CLANG_WARN_BLOCK_CAPTURE_AUTORELEASING = YES;
				CLANG_WARN_BOOL_CONVERSION = YES;
				CLANG_WARN_COMMA = YES;
				CLANG_WARN_CONSTANT_CONVERSION = YES;
				CLANG_WARN_DEPRECATED_OBJC_IMPLEMENTATIONS = YES;
				CLANG_WARN_DIRECT_OBJC_ISA_USAGE = YES_ERROR;
				CLANG_WARN_DOCUMENTATION_COMMENTS = YES;
				CLANG_WARN_EMPTY_BODY = YES;
				CLANG_WARN_ENUM_CONVERSION = YES;
				CLANG_WARN_INFINITE_RECURSION = YES;
				CLANG_WARN_INT_CONVERSION = YES;
				CLANG_WARN_NON_LITERAL_NULL_CONVERSION = YES;
				CLANG_WARN_OBJC_IMPLICIT_RETAIN_SELF = YES;
				CLANG_WARN_OBJC_LITERAL_CONVERSION = YES;
				CLANG_WARN_OBJC_ROOT_CLASS = YES_ERROR;
				CLANG_WARN_QUOTED_INCLUDE_IN_FRAMEWORK_HEADER = YES;
				CLANG_WARN_RANGE_LOOP_ANALYSIS = YES;
				CLANG_WARN_STRICT_PROTOTYPES = YES;
				CLANG_WARN_SUSPICIOUS_MOVE = YES;
				CLANG_WARN_UNGUARDED_AVAILABILITY = YES_AGGRESSIVE;
				CLANG_WARN_UNREACHABLE_CODE = YES;
				CLANG_WARN__DUPLICATE_METHOD_MATCH = YES;
				COPY_PHASE_STRIP = NO;
				DEBUG_INFORMATION_FORMAT = dwarf;
				ENABLE_STRICT_OBJC_MSGSEND = YES;
				ENABLE_TESTABILITY = YES;
				ENABLE_USER_SCRIPT_SANDBOXING = YES;
				GCC_C_LANGUAGE_STANDARD = gnu17;
				GCC_DYNAMIC_NO_PIC = NO;
				GCC_NO_COMMON_BLOCKS = YES;
				GCC_OPTIMIZATION_LEVEL = 0;
				GCC_PREPROCESSOR_DEFINITIONS = (
					"DEBUG=1",
					"$(inherited)",
				);
				GCC_WARN_64_TO_32_BIT_CONVERSION = YES;
				GCC_WARN_ABOUT_RETURN_TYPE = YES_ERROR;
				GCC_WARN_UNDECLARED_SELECTOR = YES;
				GCC_WARN_UNINITIALIZED_AUTOS = YES_AGGRESSIVE;
				GCC_WARN_UNUSED_FUNCTION = YES;
				GCC_WARN_UNUSED_VARIABLE = YES;
				IPHONEOS_DEPLOYMENT_TARGET = 18.2;
				LOCALIZATION_PREFERS_STRING_CATALOGS = YES;
				MTL_ENABLE_DEBUG_INFO = INCLUDE_SOURCE;
				MTL_FAST_MATH = YES;
				ONLY_ACTIVE_ARCH = YES;
				SDKROOT = iphoneos;
				SWIFT_ACTIVE_COMPILATION_CONDITIONS = "DEBUG $(inherited)";
				SWIFT_OPTIMIZATION_LEVEL = "-Onone";
			};
			name = Debug;
		};
		070D76002ED6D819003E36D2 /* Release */ = {
			isa = XCBuildConfiguration;
			buildSettings = {
				ALWAYS_SEARCH_USER_PATHS = NO;
				ASSETCATALOG_COMPILER_GENERATE_SWIFT_ASSET_SYMBOL_EXTENSIONS = YES;
				CLANG_ANALYZER_NONNULL = YES;
				CLANG_ANALYZER_NUMBER_OBJECT_CONVERSION = YES_AGGRESSIVE;
				CLANG_CXX_LANGUAGE_STANDARD = "gnu++20";
				CLANG_ENABLE_MODULES = YES;
				CLANG_ENABLE_OBJC_ARC = YES;
				CLANG_ENABLE_OBJC_WEAK = YES;
				CLANG_WARN_BLOCK_CAPTURE_AUTORELEASING = YES;
				CLANG_WARN_BOOL_CONVERSION = YES;
				CLANG_WARN_COMMA = YES;
				CLANG_WARN_CONSTANT_CONVERSION = YES;
				CLANG_WARN_DEPRECATED_OBJC_IMPLEMENTATIONS = YES;
				CLANG_WARN_DIRECT_OBJC_ISA_USAGE = YES_ERROR;
				CLANG_WARN_DOCUMENTATION_COMMENTS = YES;
				CLANG_WARN_EMPTY_BODY = YES;
				CLANG_WARN_ENUM_CONVERSION = YES;
				CLANG_WARN_INFINITE_RECURSION = YES;
				CLANG_WARN_INT_CONVERSION = YES;
				CLANG_WARN_NON_LITERAL_NULL_CONVERSION = YES;
				CLANG_WARN_OBJC_IMPLICIT_RETAIN_SELF = YES;
				CLANG_WARN_OBJC_LITERAL_CONVERSION = YES;
				CLANG_WARN_OBJC_ROOT_CLASS = YES_ERROR;
				CLANG_WARN_QUOTED_INCLUDE_IN_FRAMEWORK_HEADER = YES;
				CLANG_WARN_RANGE_LOOP_ANALYSIS = YES;
				CLANG_WARN_STRICT_PROTOTYPES = YES;
				CLANG_WARN_SUSPICIOUS_MOVE = YES;
				CLANG_WARN_UNGUARDED_AVAILABILITY = YES_AGGRESSIVE;
				CLANG_WARN_UNREACHABLE_CODE = YES;
				CLANG_WARN__DUPLICATE_METHOD_MATCH = YES;
				COPY_PHASE_STRIP = NO;
				DEBUG_INFORMATION_FORMAT = "dwarf-with-dsym";
				ENABLE_NS_ASSERTIONS = NO;
				ENABLE_STRICT_OBJC_MSGSEND = YES;
				ENABLE_USER_SCRIPT_SANDBOXING = YES;
				GCC_C_LANGUAGE_STANDARD = gnu17;
				GCC_NO_COMMON_BLOCKS = YES;
				GCC_WARN_64_TO_32_BIT_CONVERSION = YES;
				GCC_WARN_ABOUT_RETURN_TYPE = YES_ERROR;
				GCC_WARN_UNDECLARED_SELECTOR = YES;
				GCC_WARN_UNINITIALIZED_AUTOS = YES_AGGRESSIVE;
				GCC_WARN_UNUSED_FUNCTION = YES;
				GCC_WARN_UNUSED_VARIABLE = YES;
				IPHONEOS_DEPLOYMENT_TARGET = 18.2;
				LOCALIZATION_PREFERS_STRING_CATALOGS = YES;
				MTL_ENABLE_DEBUG_INFO = NO;
				MTL_FAST_MATH = YES;
				SDKROOT = iphoneos;
				SWIFT_COMPILATION_MODE = wholemodule;
				VALIDATE_PRODUCT = YES;
			};
			name = Release;
		};
		070D76022ED6D819003E36D2 /* Debug */ = {
			isa = XCBuildConfiguration;
			buildSettings = {
				ASSETCATALOG_COMPILER_APPICON_NAME = AppIcon;
				ASSETCATALOG_COMPILER_GLOBAL_ACCENT_COLOR_NAME = AccentColor;
				CODE_SIGN_STYLE = Automatic;
				CURRENT_PROJECT_VERSION = 1;
				DEVELOPMENT_ASSET_PATHS = "\"AuthorX/Preview Content\"";
				DEVELOPMENT_TEAM = C4NAQVPT93;
				ENABLE_PREVIEWS = YES;
				GENERATE_INFOPLIST_FILE = YES;
				INFOPLIST_KEY_CFBundleDisplayName = AuthorX;
				INFOPLIST_KEY_UIApplicationSceneManifest_Generation = YES;
				INFOPLIST_KEY_UIApplicationSupportsIndirectInputEvents = YES;
				INFOPLIST_KEY_UILaunchScreen_Generation = YES;
				INFOPLIST_KEY_UISupportedInterfaceOrientations_iPad = "UIInterfaceOrientationPortrait UIInterfaceOrientationPortraitUpsideDown UIInterfaceOrientationLandscapeLeft UIInterfaceOrientationLandscapeRight";
				INFOPLIST_KEY_UISupportedInterfaceOrientations_iPhone = "UIInterfaceOrientationPortrait UIInterfaceOrientationLandscapeLeft UIInterfaceOrientationLandscapeRight";
				LD_RUNPATH_SEARCH_PATHS = (
					"$(inherited)",
					"@executable_path/Frameworks",
				);
				MARKETING_VERSION = 1.0;
				PRODUCT_BUNDLE_IDENTIFIER = com.thebookplatform.authorx;
				PRODUCT_NAME = "$(TARGET_NAME)";
				SWIFT_EMIT_LOC_STRINGS = YES;
				SWIFT_VERSION = 5.0;
				TARGETED_DEVICE_FAMILY = "1,2";
			};
			name = Debug;
		};
		070D76032ED6D819003E36D2 /* Release */ = {
			isa = XCBuildConfiguration;
			buildSettings = {
				ASSETCATALOG_COMPILER_APPICON_NAME = AppIcon;
				ASSETCATALOG_COMPILER_GLOBAL_ACCENT_COLOR_NAME = AccentColor;
				CODE_SIGN_STYLE = Automatic;
				CURRENT_PROJECT_VERSION = 1;
				DEVELOPMENT_ASSET_PATHS = "\"AuthorX/Preview Content\"";
				DEVELOPMENT_TEAM = C4NAQVPT93;
				ENABLE_PREVIEWS = YES;
				GENERATE_INFOPLIST_FILE = YES;
				INFOPLIST_KEY_CFBundleDisplayName = AuthorX;
				INFOPLIST_KEY_UIApplicationSceneManifest_Generation = YES;
				INFOPLIST_KEY_UIApplicationSupportsIndirectInputEvents = YES;
				INFOPLIST_KEY_UILaunchScreen_Generation = YES;
				INFOPLIST_KEY_UISupportedInterfaceOrientations_iPad = "UIInterfaceOrientationPortrait UIInterfaceOrientationPortraitUpsideDown UIInterfaceOrientationLandscapeLeft UIInterfaceOrientationLandscapeRight";
				INFOPLIST_KEY_UISupportedInterfaceOrientations_iPhone = "UIInterfaceOrientationPortrait UIInterfaceOrientationLandscapeLeft UIInterfaceOrientationLandscapeRight";
				LD_RUNPATH_SEARCH_PATHS = (
					"$(inherited)",
					"@executable_path/Frameworks",
				);
				MARKETING_VERSION = 1.0;
				PRODUCT_BUNDLE_IDENTIFIER = com.thebookplatform.authorx;
				PRODUCT_NAME = "$(TARGET_NAME)";
				SWIFT_EMIT_LOC_STRINGS = YES;
				SWIFT_VERSION = 5.0;
				TARGETED_DEVICE_FAMILY = "1,2";
			};
			name = Release;
		};
		070D76052ED6D819003E36D2 /* Debug */ = {
			isa = XCBuildConfiguration;
			buildSettings = {
				BUNDLE_LOADER = "$(TEST_HOST)";
				CODE_SIGN_STYLE = Automatic;
				CURRENT_PROJECT_VERSION = 1;
				DEVELOPMENT_TEAM = C4NAQVPT93;
				GENERATE_INFOPLIST_FILE = YES;
				IPHONEOS_DEPLOYMENT_TARGET = 18.2;
				MARKETING_VERSION = 1.0;
				PRODUCT_BUNDLE_IDENTIFIER = com.thebookplatform.authorx.AuthorXTests;
				PRODUCT_NAME = "$(TARGET_NAME)";
				SWIFT_EMIT_LOC_STRINGS = NO;
				SWIFT_VERSION = 5.0;
				TARGETED_DEVICE_FAMILY = "1,2";
				TEST_HOST = "$(BUILT_PRODUCTS_DIR)/AuthorX.app/$(BUNDLE_EXECUTABLE_FOLDER_PATH)/AuthorX";
			};
			name = Debug;
		};
		070D76062ED6D819003E36D2 /* Release */ = {
			isa = XCBuildConfiguration;
			buildSettings = {
				BUNDLE_LOADER = "$(TEST_HOST)";
				CODE_SIGN_STYLE = Automatic;
				CURRENT_PROJECT_VERSION = 1;
				DEVELOPMENT_TEAM = C4NAQVPT93;
				GENERATE_INFOPLIST_FILE = YES;
				IPHONEOS_DEPLOYMENT_TARGET = 18.2;
				MARKETING_VERSION = 1.0;
				PRODUCT_BUNDLE_IDENTIFIER = com.thebookplatform.authorx.AuthorXTests;
				PRODUCT_NAME = "$(TARGET_NAME)";
				SWIFT_EMIT_LOC_STRINGS = NO;
				SWIFT_VERSION = 5.0;
				TARGETED_DEVICE_FAMILY = "1,2";
				TEST_HOST = "$(BUILT_PRODUCTS_DIR)/AuthorX.app/$(BUNDLE_EXECUTABLE_FOLDER_PATH)/AuthorX";
			};
			name = Release;
		};
		070D76082ED6D819003E36D2 /* Debug */ = {
			isa = XCBuildConfiguration;
			buildSettings = {
				CODE_SIGN_STYLE = Automatic;
				CURRENT_PROJECT_VERSION = 1;
				DEVELOPMENT_TEAM = C4NAQVPT93;
				GENERATE_INFOPLIST_FILE = YES;
				MARKETING_VERSION = 1.0;
				PRODUCT_BUNDLE_IDENTIFIER = com.thebookplatform.authorx.AuthorXUITests;
				PRODUCT_NAME = "$(TARGET_NAME)";
				SWIFT_EMIT_LOC_STRINGS = NO;
				SWIFT_VERSION = 5.0;
				TARGETED_DEVICE_FAMILY = "1,2";
				TEST_TARGET_NAME = AuthorX;
			};
			name = Debug;
		};
		070D76092ED6D819003E36D2 /* Release */ = {
			isa = XCBuildConfiguration;
			buildSettings = {
				CODE_SIGN_STYLE = Automatic;
				CURRENT_PROJECT_VERSION = 1;
				DEVELOPMENT_TEAM = C4NAQVPT93;
				GENERATE_INFOPLIST_FILE = YES;
				MARKETING_VERSION = 1.0;
				PRODUCT_BUNDLE_IDENTIFIER = com.thebookplatform.authorx.AuthorXUITests;
				PRODUCT_NAME = "$(TARGET_NAME)";
				SWIFT_EMIT_LOC_STRINGS = NO;
				SWIFT_VERSION = 5.0;
				TARGETED_DEVICE_FAMILY = "1,2";
				TEST_TARGET_NAME = AuthorX;
			};
			name = Release;
		};
/* End XCBuildConfiguration section */

/* Begin XCConfigurationList section */
		070D75D82ED6D817003E36D2 /* Build configuration list for PBXProject "AuthorX" */ = {
			isa = XCConfigurationList;
			buildConfigurations = (
				070D75FF2ED6D819003E36D2 /* Debug */,
				070D76002ED6D819003E36D2 /* Release */,
			);
			defaultConfigurationIsVisible = 0;
			defaultConfigurationName = Release;
		};
		070D76012ED6D819003E36D2 /* Build configuration list for PBXNativeTarget "AuthorX" */ = {
			isa = XCConfigurationList;
			buildConfigurations = (
				070D76022ED6D819003E36D2 /* Debug */,
				070D76032ED6D819003E36D2 /* Release */,
			);
			defaultConfigurationIsVisible = 0;
			defaultConfigurationName = Release;
		};
		070D76042ED6D819003E36D2 /* Build configuration list for PBXNativeTarget "AuthorXTests" */ = {
			isa = XCConfigurationList;
			buildConfigurations = (
				070D76052ED6D819003E36D2 /* Debug */,
				070D76062ED6D819003E36D2 /* Release */,
			);
			defaultConfigurationIsVisible = 0;
			defaultConfigurationName = Release;
		};
		070D76072ED6D819003E36D2 /* Build configuration list for PBXNativeTarget "AuthorXUITests" */ = {
			isa = XCConfigurationList;
			buildConfigurations = (
				070D76082ED6D819003E36D2 /* Debug */,
				070D76092ED6D819003E36D2 /* Release */,
			);
			defaultConfigurationIsVisible = 0;
			defaultConfigurationName = Release;
		};
/* End XCConfigurationList section */

/* Begin XCRemoteSwiftPackageReference section */
		070D76A62ED6F8EB003E36D2 /* XCRemoteSwiftPackageReference "ZIPFoundation" */ = {
			isa = XCRemoteSwiftPackageReference;
			repositoryURL = "https://github.com/weichsel/ZIPFoundation.git";
			requirement = {
				kind = upToNextMajorVersion;
				minimumVersion = 0.9.20;
			};
		};
/* End XCRemoteSwiftPackageReference section */

/* Begin XCSwiftPackageProductDependency section */
		070D76A72ED6F8EB003E36D2 /* ZIPFoundation */ = {
			isa = XCSwiftPackageProductDependency;
			package = 070D76A62ED6F8EB003E36D2 /* XCRemoteSwiftPackageReference "ZIPFoundation" */;
			productName = ZIPFoundation;
		};
/* End XCSwiftPackageProductDependency section */
	};
	rootObject = 070D75D52ED6D817003E36D2 /* Project object */;
}
